// !$*UTF8*$!
{
	archiveVersion = 1;
	classes = {
	};
	objectVersion = 50;
	objects = {

/* Begin PBXBuildFile section */
		DD28D0B622165FA30044B2D3 /* Order Details.swift in Sources */ = {isa = PBXBuildFile; fileRef = DD28D0B522165FA30044B2D3 /* Order Details.swift */; };
		DD28D0B8221666A10044B2D3 /* Orders.swift in Sources */ = {isa = PBXBuildFile; fileRef = DD28D0B7221666A10044B2D3 /* Orders.swift */; };
		DD28D0BA221667790044B2D3 /* Shopping Cart.swift in Sources */ = {isa = PBXBuildFile; fileRef = DD28D0B9221667790044B2D3 /* Shopping Cart.swift */; };
		DD2A0D2122162B6800D6B193 /* User.swift in Sources */ = {isa = PBXBuildFile; fileRef = DD2A0D2022162B6800D6B193 /* User.swift */; };
		DD2A0D2B22164D4500D6B193 /* Administrator.swift in Sources */ = {isa = PBXBuildFile; fileRef = DD2A0D2A22164D4500D6B193 /* Administrator.swift */; };
		DD2A0D2D2216510A00D6B193 /* shippingInfo.swift in Sources */ = {isa = PBXBuildFile; fileRef = DD2A0D2C2216510A00D6B193 /* shippingInfo.swift */; };
		DD2A0D2F2216515400D6B193 /* iDisplay.swift in Sources */ = {isa = PBXBuildFile; fileRef = DD2A0D2E2216515400D6B193 /* iDisplay.swift */; };
		DD2B7C2F22186853007DFE30 /* Product.swift in Sources */ = {isa = PBXBuildFile; fileRef = DD2B7C2E22186853007DFE30 /* Product.swift */; };
		DD2B7C31221885AA007DFE30 /* extra codes.swift in Sources */ = {isa = PBXBuildFile; fileRef = DD2B7C30221885AA007DFE30 /* extra codes.swift */; };
		DD2B7C342218983D007DFE30 /* stringextension.swift in Sources */ = {isa = PBXBuildFile; fileRef = DD2B7C332218983D007DFE30 /* stringextension.swift */; };
		DD2C05022215EC0A009B5BF2 /* main.swift in Sources */ = {isa = PBXBuildFile; fileRef = DD2C05012215EC0A009B5BF2 /* main.swift */; };
		DD3C6EBF22160E3D00913577 /* Customer.swift in Sources */ = {isa = PBXBuildFile; fileRef = DD3C6EBE22160E3D00913577 /* Customer.swift */; };
/* End PBXBuildFile section */

/* Begin PBXCopyFilesBuildPhase section */
		DD2C04FC2215EC0A009B5BF2 /* CopyFiles */ = {
			isa = PBXCopyFilesBuildPhase;
			buildActionMask = 2147483647;
			dstPath = /usr/share/man/man1/;
			dstSubfolderSpec = 0;
			files = (
			);
			runOnlyForDeploymentPostprocessing = 1;
		};
/* End PBXCopyFilesBuildPhase section */

/* Begin PBXFileReference section */
		DD28D0B522165FA30044B2D3 /* Order Details.swift */ = {isa = PBXFileReference; lastKnownFileType = sourcecode.swift; path = "Order Details.swift"; sourceTree = "<group>"; };
		DD28D0B7221666A10044B2D3 /* Orders.swift */ = {isa = PBXFileReference; lastKnownFileType = sourcecode.swift; path = Orders.swift; sourceTree = "<group>"; };
		DD28D0B9221667790044B2D3 /* Shopping Cart.swift */ = {isa = PBXFileReference; lastKnownFileType = sourcecode.swift; path = "Shopping Cart.swift"; sourceTree = "<group>"; };
		DD2A0D2022162B6800D6B193 /* User.swift */ = {isa = PBXFileReference; lastKnownFileType = sourcecode.swift; path = User.swift; sourceTree = "<group>"; };
		DD2A0D2A22164D4500D6B193 /* Administrator.swift */ = {isa = PBXFileReference; lastKnownFileType = sourcecode.swift; path = Administrator.swift; sourceTree = "<group>"; };
		DD2A0D2C2216510A00D6B193 /* shippingInfo.swift */ = {isa = PBXFileReference; lastKnownFileType = sourcecode.swift; path = shippingInfo.swift; sourceTree = "<group>"; };
		DD2A0D2E2216515400D6B193 /* iDisplay.swift */ = {isa = PBXFileReference; lastKnownFileType = sourcecode.swift; path = iDisplay.swift; sourceTree = "<group>"; };
		DD2B7C2E22186853007DFE30 /* Product.swift */ = {isa = PBXFileReference; lastKnownFileType = sourcecode.swift; path = Product.swift; sourceTree = "<group>"; };
		DD2B7C30221885AA007DFE30 /* extra codes.swift */ = {isa = PBXFileReference; lastKnownFileType = sourcecode.swift; path = "extra codes.swift"; sourceTree = "<group>"; };
		DD2B7C332218983D007DFE30 /* stringextension.swift */ = {isa = PBXFileReference; lastKnownFileType = sourcecode.swift; path = stringextension.swift; sourceTree = "<group>"; };
		DD2C04FE2215EC0A009B5BF2 /* swiftpro */ = {isa = PBXFileReference; explicitFileType = "compiled.mach-o.executable"; includeInIndex = 0; path = swiftpro; sourceTree = BUILT_PRODUCTS_DIR; };
		DD2C05012215EC0A009B5BF2 /* main.swift */ = {isa = PBXFileReference; lastKnownFileType = sourcecode.swift; path = main.swift; sourceTree = "<group>"; };
		DD3C6EBE22160E3D00913577 /* Customer.swift */ = {isa = PBXFileReference; lastKnownFileType = sourcecode.swift; path = Customer.swift; sourceTree = "<group>"; };
/* End PBXFileReference section */

/* Begin PBXFrameworksBuildPhase section */
		DD2C04FB2215EC0A009B5BF2 /* Frameworks */ = {
			isa = PBXFrameworksBuildPhase;
			buildActionMask = 2147483647;
			files = (
			);
			runOnlyForDeploymentPostprocessing = 0;
		};
/* End PBXFrameworksBuildPhase section */

/* Begin PBXGroup section */
		DD2B3BA82217C76300E13FC6 /* Customer */ = {
			isa = PBXGroup;
			children = (
				DD3C6EBE22160E3D00913577 /* Customer.swift */,
			);
			name = Customer;
			path = "New Group";
			sourceTree = "<group>";
		};
		DD2B3BA92217C77E00E13FC6 /* iDisplay */ = {
			isa = PBXGroup;
			children = (
				DD2A0D2E2216515400D6B193 /* iDisplay.swift */,
			);
			path = iDisplay;
			sourceTree = "<group>";
		};
		DD2B3BAA2217C79600E13FC6 /* User */ = {
			isa = PBXGroup;
			children = (
				DD2A0D2022162B6800D6B193 /* User.swift */,
			);
			path = User;
			sourceTree = "<group>";
		};
		DD2B3BAB2217C7A200E13FC6 /* Administrator */ = {
			isa = PBXGroup;
			children = (
				DD2A0D2A22164D4500D6B193 /* Administrator.swift */,
			);
			path = Administrator;
			sourceTree = "<group>";
		};
		DD2B3BAC2217C7BE00E13FC6 /* Shopping Info */ = {
			isa = PBXGroup;
			children = (
				DD2A0D2C2216510A00D6B193 /* shippingInfo.swift */,
			);
			path = "Shopping Info";
			sourceTree = "<group>";
		};
		DD2B3BAD2217C7DA00E13FC6 /* Order Details */ = {
			isa = PBXGroup;
			children = (
				DD28D0B522165FA30044B2D3 /* Order Details.swift */,
			);
			path = "Order Details";
			sourceTree = "<group>";
		};
		DD2B3BAE2217C7F400E13FC6 /* Orders */ = {
			isa = PBXGroup;
			children = (
				DD28D0B7221666A10044B2D3 /* Orders.swift */,
			);
			path = Orders;
			sourceTree = "<group>";
		};
		DD2B3BAF2217C80000E13FC6 /* Shopping Cart */ = {
			isa = PBXGroup;
			children = (
				DD28D0B9221667790044B2D3 /* Shopping Cart.swift */,
			);
			path = "Shopping Cart";
			sourceTree = "<group>";
		};
		DD2B7C2D22186830007DFE30 /* Product */ = {
			isa = PBXGroup;
			children = (
				DD2B7C2E22186853007DFE30 /* Product.swift */,
			);
			name = Product;
			path = "New Group1";
			sourceTree = "<group>";
		};
		DD2B7C3222189814007DFE30 /* Extension */ = {
			isa = PBXGroup;
			children = (
				DD2B7C332218983D007DFE30 /* stringextension.swift */,
			);
			path = Extension;
			sourceTree = "<group>";
		};
		DD2C04F52215EC0A009B5BF2 = {
			isa = PBXGroup;
			children = (
				DD2B7C3222189814007DFE30 /* Extension */,
				DD2C05002215EC0A009B5BF2 /* swiftpro */,
				DD2C04FF2215EC0A009B5BF2 /* Products */,
			);
			sourceTree = "<group>";
		};
		DD2C04FF2215EC0A009B5BF2 /* Products */ = {
			isa = PBXGroup;
			children = (
				DD2C04FE2215EC0A009B5BF2 /* swiftpro */,
			);
			name = Products;
			sourceTree = "<group>";
		};
		DD2C05002215EC0A009B5BF2 /* swiftpro */ = {
			isa = PBXGroup;
			children = (
				DD2B7C2D22186830007DFE30 /* Product */,
				DD2B3BAB2217C7A200E13FC6 /* Administrator */,
				DD2B3BAF2217C80000E13FC6 /* Shopping Cart */,
				DD2B3BAE2217C7F400E13FC6 /* Orders */,
				DD2B3BAD2217C7DA00E13FC6 /* Order Details */,
				DD2B3BAC2217C7BE00E13FC6 /* Shopping Info */,
				DD2B3BAA2217C79600E13FC6 /* User */,
				DD2B3BA92217C77E00E13FC6 /* iDisplay */,
				DD2B3BA82217C76300E13FC6 /* Customer */,
				DD2C05012215EC0A009B5BF2 /* main.swift */,
				DD2B7C30221885AA007DFE30 /* extra codes.swift */,
			);
			path = swiftpro;
			sourceTree = "<group>";
		};
/* End PBXGroup section */

/* Begin PBXNativeTarget section */
		DD2C04FD2215EC0A009B5BF2 /* swiftpro */ = {
			isa = PBXNativeTarget;
			buildConfigurationList = DD2C05052215EC0A009B5BF2 /* Build configuration list for PBXNativeTarget "swiftpro" */;
			buildPhases = (
				DD2C04FA2215EC0A009B5BF2 /* Sources */,
				DD2C04FB2215EC0A009B5BF2 /* Frameworks */,
				DD2C04FC2215EC0A009B5BF2 /* CopyFiles */,
			);
			buildRules = (
			);
			dependencies = (
			);
			name = swiftpro;
			productName = swiftpro;
			productReference = DD2C04FE2215EC0A009B5BF2 /* swiftpro */;
			productType = "com.apple.product-type.tool";
		};
/* End PBXNativeTarget section */

/* Begin PBXProject section */
		DD2C04F62215EC0A009B5BF2 /* Project object */ = {
			isa = PBXProject;
			attributes = {
				LastSwiftUpdateCheck = 1010;
				LastUpgradeCheck = 1010;
				ORGANIZATIONNAME = "Athira Paul";
				TargetAttributes = {
					DD2C04FD2215EC0A009B5BF2 = {
						CreatedOnToolsVersion = 10.1;
					};
				};
			};
			buildConfigurationList = DD2C04F92215EC0A009B5BF2 /* Build configuration list for PBXProject "swiftpro" */;
			compatibilityVersion = "Xcode 9.3";
			developmentRegion = en;
			hasScannedForEncodings = 0;
			knownRegions = (
				en,
			);
			mainGroup = DD2C04F52215EC0A009B5BF2;
			productRefGroup = DD2C04FF2215EC0A009B5BF2 /* Products */;
			projectDirPath = "";
			projectRoot = "";
			targets = (
				DD2C04FD2215EC0A009B5BF2 /* swiftpro */,
			);
		};
/* End PBXProject section */

/* Begin PBXSourcesBuildPhase section */
		DD2C04FA2215EC0A009B5BF2 /* Sources */ = {
			isa = PBXSourcesBuildPhase;
			buildActionMask = 2147483647;
			files = (
				DD2C05022215EC0A009B5BF2 /* main.swift in Sources */,
				DD28D0B622165FA30044B2D3 /* Order Details.swift in Sources */,
				DD3C6EBF22160E3D00913577 /* Customer.swift in Sources */,
				DD28D0BA221667790044B2D3 /* Shopping Cart.swift in Sources */,
				DD2B7C342218983D007DFE30 /* stringextension.swift in Sources */,
				DD2A0D2122162B6800D6B193 /* User.swift in Sources */,
				DD2A0D2B22164D4500D6B193 /* Administrator.swift in Sources */,
				DD2A0D2F2216515400D6B193 /* iDisplay.swift in Sources */,
				DD2B7C2F22186853007DFE30 /* Product.swift in Sources */,
				DD2B7C31221885AA007DFE30 /* extra codes.swift in Sources */,
				DD28D0B8221666A10044B2D3 /* Orders.swift in Sources */,
				DD2A0D2D2216510A00D6B193 /* shippingInfo.swift in Sources */,
			);
			runOnlyForDeploymentPostprocessing = 0;
		};
/* End PBXSourcesBuildPhase section */

/* Begin XCBuildConfiguration section */
		DD2C05032215EC0A009B5BF2 /* Debug */ = {
			isa = XCBuildConfiguration;
			buildSettings = {
				ALWAYS_SEARCH_USER_PATHS = NO;
				CLANG_ANALYZER_NONNULL = YES;
				CLANG_ANALYZER_NUMBER_OBJECT_CONVERSION = YES_AGGRESSIVE;
				CLANG_CXX_LANGUAGE_STANDARD = "gnu++14";
				CLANG_CXX_LIBRARY = "libc++";
				CLANG_ENABLE_MODULES = YES;
				CLANG_ENABLE_OBJC_ARC = YES;
				CLANG_ENABLE_OBJC_WEAK = YES;
				CLANG_WARN_BLOCK_CAPTURE_AUTORELEASING = YES;
				CLANG_WARN_BOOL_CONVERSION = YES;
				CLANG_WARN_COMMA = YES;
				CLANG_WARN_CONSTANT_CONVERSION = YES;
				CLANG_WARN_DEPRECATED_OBJC_IMPLEMENTATIONS = YES;
				CLANG_WARN_DIRECT_OBJC_ISA_USAGE = YES_ERROR;
				CLANG_WARN_DOCUMENTATION_COMMENTS = YES;
				CLANG_WARN_EMPTY_BODY = YES;
				CLANG_WARN_ENUM_CONVERSION = YES;
				CLANG_WARN_INFINITE_RECURSION = YES;
				CLANG_WARN_INT_CONVERSION = YES;
				CLANG_WARN_NON_LITERAL_NULL_CONVERSION = YES;
				CLANG_WARN_OBJC_IMPLICIT_RETAIN_SELF = YES;
				CLANG_WARN_OBJC_LITERAL_CONVERSION = YES;
				CLANG_WARN_OBJC_ROOT_CLASS = YES_ERROR;
				CLANG_WARN_RANGE_LOOP_ANALYSIS = YES;
				CLANG_WARN_STRICT_PROTOTYPES = YES;
				CLANG_WARN_SUSPICIOUS_MOVE = YES;
				CLANG_WARN_UNGUARDED_AVAILABILITY = YES_AGGRESSIVE;
				CLANG_WARN_UNREACHABLE_CODE = YES;
				CLANG_WARN__DUPLICATE_METHOD_MATCH = YES;
				CODE_SIGN_IDENTITY = "-";
				COPY_PHASE_STRIP = NO;
				DEBUG_INFORMATION_FORMAT = dwarf;
				ENABLE_STRICT_OBJC_MSGSEND = YES;
				ENABLE_TESTABILITY = YES;
				GCC_C_LANGUAGE_STANDARD = gnu11;
				GCC_DYNAMIC_NO_PIC = NO;
				GCC_NO_COMMON_BLOCKS = YES;
				GCC_OPTIMIZATION_LEVEL = 0;
				GCC_PREPROCESSOR_DEFINITIONS = (
					"DEBUG=1",
					"$(inherited)",
				);
				GCC_WARN_64_TO_32_BIT_CONVERSION = YES;
				GCC_WARN_ABOUT_RETURN_TYPE = YES_ERROR;
				GCC_WARN_UNDECLARED_SELECTOR = YES;
				GCC_WARN_UNINITIALIZED_AUTOS = YES_AGGRESSIVE;
				GCC_WARN_UNUSED_FUNCTION = YES;
				GCC_WARN_UNUSED_VARIABLE = YES;
				MACOSX_DEPLOYMENT_TARGET = 10.14;
				MTL_ENABLE_DEBUG_INFO = INCLUDE_SOURCE;
				MTL_FAST_MATH = YES;
				ONLY_ACTIVE_ARCH = YES;
				SDKROOT = macosx;
				SWIFT_ACTIVE_COMPILATION_CONDITIONS = DEBUG;
				SWIFT_OPTIMIZATION_LEVEL = "-Onone";
			};
			name = Debug;
		};
		DD2C05042215EC0A009B5BF2 /* Release */ = {
			isa = XCBuildConfiguration;
			buildSettings = {
				ALWAYS_SEARCH_USER_PATHS = NO;
				CLANG_ANALYZER_NONNULL = YES;
				CLANG_ANALYZER_NUMBER_OBJECT_CONVERSION = YES_AGGRESSIVE;
				CLANG_CXX_LANGUAGE_STANDARD = "gnu++14";
				CLANG_CXX_LIBRARY = "libc++";
				CLANG_ENABLE_MODULES = YES;
				CLANG_ENABLE_OBJC_ARC = YES;
				CLANG_ENABLE_OBJC_WEAK = YES;
				CLANG_WARN_BLOCK_CAPTURE_AUTORELEASING = YES;
				CLANG_WARN_BOOL_CONVERSION = YES;
				CLANG_WARN_COMMA = YES;
				CLANG_WARN_CONSTANT_CONVERSION = YES;
				CLANG_WARN_DEPRECATED_OBJC_IMPLEMENTATIONS = YES;
				CLANG_WARN_DIRECT_OBJC_ISA_USAGE = YES_ERROR;
				CLANG_WARN_DOCUMENTATION_COMMENTS = YES;
				CLANG_WARN_EMPTY_BODY = YES;
				CLANG_WARN_ENUM_CONVERSION = YES;
				CLANG_WARN_INFINITE_RECURSION = YES;
				CLANG_WARN_INT_CONVERSION = YES;
				CLANG_WARN_NON_LITERAL_NULL_CONVERSION = YES;
				CLANG_WARN_OBJC_IMPLICIT_RETAIN_SELF = YES;
				CLANG_WARN_OBJC_LITERAL_CONVERSION = YES;
				CLANG_WARN_OBJC_ROOT_CLASS = YES_ERROR;
				CLANG_WARN_RANGE_LOOP_ANALYSIS = YES;
				CLANG_WARN_STRICT_PROTOTYPES = YES;
				CLANG_WARN_SUSPICIOUS_MOVE = YES;
				CLANG_WARN_UNGUARDED_AVAILABILITY = YES_AGGRESSIVE;
				CLANG_WARN_UNREACHABLE_CODE = YES;
				CLANG_WARN__DUPLICATE_METHOD_MATCH = YES;
				CODE_SIGN_IDENTITY = "-";
				COPY_PHASE_STRIP = NO;
				DEBUG_INFORMATION_FORMAT = "dwarf-with-dsym";
				ENABLE_NS_ASSERTIONS = NO;
				ENABLE_STRICT_OBJC_MSGSEND = YES;
				GCC_C_LANGUAGE_STANDARD = gnu11;
				GCC_NO_COMMON_BLOCKS = YES;
				GCC_WARN_64_TO_32_BIT_CONVERSION = YES;
				GCC_WARN_ABOUT_RETURN_TYPE = YES_ERROR;
				GCC_WARN_UNDECLARED_SELECTOR = YES;
				GCC_WARN_UNINITIALIZED_AUTOS = YES_AGGRESSIVE;
				GCC_WARN_UNUSED_FUNCTION = YES;
				GCC_WARN_UNUSED_VARIABLE = YES;
				MACOSX_DEPLOYMENT_TARGET = 10.14;
				MTL_ENABLE_DEBUG_INFO = NO;
				MTL_FAST_MATH = YES;
				SDKROOT = macosx;
				SWIFT_COMPILATION_MODE = wholemodule;
				SWIFT_OPTIMIZATION_LEVEL = "-O";
			};
			name = Release;
		};
		DD2C05062215EC0A009B5BF2 /* Debug */ = {
			isa = XCBuildConfiguration;
			buildSettings = {
				CODE_SIGN_STYLE = Automatic;
				PRODUCT_NAME = "$(TARGET_NAME)";
				SWIFT_VERSION = 4.2;
			};
			name = Debug;
		};
		DD2C05072215EC0A009B5BF2 /* Release */ = {
			isa = XCBuildConfiguration;
			buildSettings = {
				CODE_SIGN_STYLE = Automatic;
				PRODUCT_NAME = "$(TARGET_NAME)";
				SWIFT_VERSION = 4.2;
			};
			name = Release;
		};
/* End XCBuildConfiguration section */

/* Begin XCConfigurationList section */
		DD2C04F92215EC0A009B5BF2 /* Build configuration list for PBXProject "swiftpro" */ = {
			isa = XCConfigurationList;
			buildConfigurations = (
				DD2C05032215EC0A009B5BF2 /* Debug */,
				DD2C05042215EC0A009B5BF2 /* Release */,
			);
			defaultConfigurationIsVisible = 0;
			defaultConfigurationName = Release;
		};
		DD2C05052215EC0A009B5BF2 /* Build configuration list for PBXNativeTarget "swiftpro" */ = {
			isa = XCConfigurationList;
			buildConfigurations = (
				DD2C05062215EC0A009B5BF2 /* Debug */,
				DD2C05072215EC0A009B5BF2 /* Release */,
			);
			defaultConfigurationIsVisible = 0;
			defaultConfigurationName = Release;
		};
/* End XCConfigurationList section */
	};
	rootObject = DD2C04F62215EC0A009B5BF2 /* Project object */;
}
